# This file was autogenerated by Stack.
# You should not edit this file by hand.
# For more information, please see the documentation at:
#   https://docs.haskellstack.org/en/stable/lock_files

packages:
- completed:
    name: juniper
    version: 0.2.3
    git: https://github.com/seanhess/juniper.git
    pantry-tree:
      size: 2556
      sha256: 5f776746cdf4a62f8080811d576000ea984182163476718010fb1db6ebb5f247
    commit: 269640f54fdc536c5b19f0240695e07e26828ef2
  original:
    git: https://github.com/seanhess/juniper.git
    commit: 269640f54fdc536c5b19f0240695e07e26828ef2
- completed:
    hackage: aws-lambda-haskell-runtime-4.1.1@sha256:c3b3452d3a7f36950c22760fe44b51d49b43624fa3a0253e5bfc3d94809bb8fd,3024
    pantry-tree:
      size: 1453
      sha256: b7e8426edb0b5d06713a26362308abbec03379e1f3ad9c6d63973088ad75cf62
  original:
    hackage: aws-lambda-haskell-runtime-4.1.1
- completed:
    hackage: aws-lambda-haskell-runtime-wai-2.0.2@sha256:459c183c37e99e13c83002bedb2dc58c2257d2741aeec3f86571ee58361e9404,1986
    pantry-tree:
      size: 390
      sha256: 615c8e2c81cf168df67285e09bf8d70da0c4207d218483a681aa6fb452903b6a
  original:
    hackage: aws-lambda-haskell-runtime-wai-2.0.2
- completed:
    hackage: safe-exceptions-checked-0.1.0@sha256:ae142f284c6b102f0e7606a69a5719f4f72771d9cc353af72fa4484326689100,1603
    pantry-tree:
      size: 298
      sha256: d1f8ba50967547f26cdc37cbc64bdc85af57d856986876a6a5767a61977bc299
  original:
    hackage: safe-exceptions-checked-0.1.0
- completed:
    hackage: scotty-cookie-0.1.0.3@sha256:3ff1df13a5acba8ba170a5ac22b3ac6a2c227791292536ce1ebfc41038f58fc9,1204
    pantry-tree:
      size: 222
      sha256: 8236b9d3e3c01b29c3d7bf7791af8c87e87ea9b2052e9d7bc32038f524242679
  original:
    hackage: scotty-cookie-0.1.0.3
- completed:
    hackage: dynamodb-simple-0.6.0.2@sha256:ad0a6f2807119aa1c04b9c63f02e705b698b454606ba8af16947ec9e7f847065,2534
    pantry-tree:
      size: 1449
      sha256: e669f145cc0aa67dee33b8e6a5ccbdd987b850c565281dc5fa31377c2d4dc42a
  original:
    hackage: dynamodb-simple-0.6.0.2
- completed:
    hackage: amazonka-1.6.1@sha256:f58b63e83876f93aa03c54e54b3eb8ba9358af93819d41f4a5a8f8b7d8b8399c,3544
    pantry-tree:
      size: 992
      sha256: d792656a70ee42df262a599bc6608bda069e33092d665c3438a6eeeaf7db4fb2
  original:
    hackage: amazonka-1.6.1
- completed:
    hackage: unliftio-core-0.1.2.0@sha256:b0a7652ffce2284a6cebe05c99eb60573a8fb6631163f34b0b30a80b4a78cb23,1081
    pantry-tree:
      size: 328
      sha256: 9d970bf5f98e68e8fc129b04d6c9d8eb1e641c7556ffd0f0a168a259335b6fd7
  original:
    hackage: unliftio-core-0.1.2.0
snapshots:
- completed:
    size: 587393
    url: https://raw.githubusercontent.com/commercialhaskell/stackage-snapshots/master/lts/18/25.yaml
    sha256: 1b74fb5e970497b5aefae56703f1bd44aa648bd1a5ef95c1eb8c29775087e2bf
  original: lts-18.25
